github.com/DataDog/go-python3 v0.0.0-20211102160307-40adc605f1fe h1:bNMi0HArOQY4899TKLi4RP7g9BZ2kwLOiVpoJHWxyFs=
github.com/DataDog/go-python3 v0.0.0-20211102160307-40adc605f1fe/go.mod h1:7ctnOCLiUlwKO9GvAjusUF68edSbiHqC18gVPQF0ojA=
github.com/davecgh/go-spew v1.1.1 h1:vj9j/u1bqnvCEfJOwUhtlOARqs3+rkHYY13jYWTU97c=
github.com/pmezard/go-difflib v1.0.0 h1:4DBwDE0NGyQoBHbLQYPwSUPoCMWR5BEzIk/f1lZbAQM=
github.com/rzeAkbari/comfhirer-server/comfhirer v0.0.0-20230403191258-8357ce5f9299 h1:pcbXkcwBjS00z/msNv+FVMCY1HxfBtoRv8p7Y0Rjo6Y=
github.com/rzeAkbari/comfhirer-server/comfhirer v0.0.0-20230403191258-8357ce5f9299/go.mod h1:KRUPN9Im5F+5vVf1PGmxOT9mUPuUtq0jTvT/cB6TWug=
github.com/stretchr/testify v1.8.2 h1:+h33VjcLVPDHtOdpUCuF+7gSuG3yGIftsP1YvFihtJ8=
gopkg.in/yaml.v3 v3.0.1 h1:fxVm/GzAzEWqLHuvctI91KS9hhNmmWOoWu0XTYJS7CA=
